
Microsoft Visual Studio Solution File, Format Version 12.00
# Visual Studio Version 16
VisualStudioVersion = 16.0.32002.261
MinimumVisualStudioVersion = 10.0.40219.1
Project("{FAE04EC0-301F-11D3-BF4B-00C04F79EFBC}") = "PrisonAdministrationFramework", "PrisonAdministrationFramework.csproj", "{A032F08A-3ABC-41A7-9350-D510B069B1B3}"
EndProject
Global
	GlobalSection(SolutionConfigurationPlatforms) = preSolution
		Debug|Any CPU = Debug|Any CPU
		Release|Any CPU = Release|Any CPU
	EndGlobalSection
	GlobalSection(ProjectConfigurationPlatforms) = postSolution
		{A032F08A-3ABC-41A7-9350-D510B069B1B3}.Debug|Any CPU.ActiveCfg = Debug|Any CPU
		{A032F08A-3ABC-41A7-9350-D510B069B1B3}.Debug|Any CPU.Build.0 = Debug|Any CPU
		{A032F08A-3ABC-41A7-9350-D510B069B1B3}.Release|Any CPU.ActiveCfg = Release|Any CPU
		{A032F08A-3ABC-41A7-9350-D510B069B1B3}.Release|Any CPU.Build.0 = Release|Any CPU
	EndGlobalSection
	GlobalSection(SolutionProperties) = preSolution
		HideSolutionNode = FALSE
	EndGlobalSection
	GlobalSection(ExtensibilityGlobals) = postSolution
		SolutionGuid = {6D0387B2-3B7E-4C93-8974-DF8DE68F3987}
	EndGlobalSection
EndGlobal
